
Microsoft Visual Studio Solution File, Format Version 12.00
# Visual Studio Version 16
VisualStudioVersion = 16.0.30717.126
MinimumVisualStudioVersion = 10.0.40219.1
Project("{9A19103F-16F7-4668-BE54-9A1E7A4F7556}") = "ISI_Tp2", "ISI_Tp2\ISI_Tp2.csproj", "{9AEFD124-04EB-48D2-AC8E-D87EC0565F2E}"
EndProject
Project("{E24C65DC-7377-472B-9ABA-BC803B73C61A}") = "ISI(1)", "ISI\", "{1FFFE60B-4B41-4637-B428-67C6ACEB8A16}"
	ProjectSection(WebsiteProperties) = preProject
		TargetFrameworkMoniker = ".NETFramework,Version%3Dv4.0"
		Debug.AspNetCompiler.VirtualPath = "/localhost_57802"
		Debug.AspNetCompiler.PhysicalPath = "ISI\"
		Debug.AspNetCompiler.TargetPath = "PrecompiledWeb\localhost_57802\"
		Debug.AspNetCompiler.Updateable = "true"
		Debug.AspNetCompiler.ForceOverwrite = "true"
		Debug.AspNetCompiler.FixedNames = "false"
		Debug.AspNetCompiler.Debug = "True"
		Release.AspNetCompiler.VirtualPath = "/localhost_57802"
		Release.AspNetCompiler.PhysicalPath = "ISI\"
		Release.AspNetCompiler.TargetPath = "PrecompiledWeb\localhost_57802\"
		Release.AspNetCompiler.Updateable = "true"
		Release.AspNetCompiler.ForceOverwrite = "true"
		Release.AspNetCompiler.FixedNames = "false"
		Release.AspNetCompiler.Debug = "False"
		VWDPort = "57802"
		SlnRelativePath = "ISI\"
	EndProjectSection
EndProject
Project("{00D1A9C2-B5F0-4AF3-8072-F6C62B433612}") = "ISI_MusicDb", "ISI_MusicDb\ISI_MusicDb.sqlproj", "{82D0E3D8-C6B0-4FA0-9C69-9ECA813C20EB}"
EndProject
Global
	GlobalSection(SolutionConfigurationPlatforms) = preSolution
		Debug|Any CPU = Debug|Any CPU
		Release|Any CPU = Release|Any CPU
	EndGlobalSection
	GlobalSection(ProjectConfigurationPlatforms) = postSolution
		{9AEFD124-04EB-48D2-AC8E-D87EC0565F2E}.Debug|Any CPU.ActiveCfg = Debug|Any CPU
		{9AEFD124-04EB-48D2-AC8E-D87EC0565F2E}.Debug|Any CPU.Build.0 = Debug|Any CPU
		{9AEFD124-04EB-48D2-AC8E-D87EC0565F2E}.Release|Any CPU.ActiveCfg = Release|Any CPU
		{9AEFD124-04EB-48D2-AC8E-D87EC0565F2E}.Release|Any CPU.Build.0 = Release|Any CPU
		{1FFFE60B-4B41-4637-B428-67C6ACEB8A16}.Debug|Any CPU.ActiveCfg = Debug|Any CPU
		{1FFFE60B-4B41-4637-B428-67C6ACEB8A16}.Debug|Any CPU.Build.0 = Debug|Any CPU
		{1FFFE60B-4B41-4637-B428-67C6ACEB8A16}.Release|Any CPU.ActiveCfg = Debug|Any CPU
		{1FFFE60B-4B41-4637-B428-67C6ACEB8A16}.Release|Any CPU.Build.0 = Debug|Any CPU
		{82D0E3D8-C6B0-4FA0-9C69-9ECA813C20EB}.Debug|Any CPU.ActiveCfg = Debug|Any CPU
		{82D0E3D8-C6B0-4FA0-9C69-9ECA813C20EB}.Debug|Any CPU.Build.0 = Debug|Any CPU
		{82D0E3D8-C6B0-4FA0-9C69-9ECA813C20EB}.Debug|Any CPU.Deploy.0 = Debug|Any CPU
		{82D0E3D8-C6B0-4FA0-9C69-9ECA813C20EB}.Release|Any CPU.ActiveCfg = Release|Any CPU
		{82D0E3D8-C6B0-4FA0-9C69-9ECA813C20EB}.Release|Any CPU.Build.0 = Release|Any CPU
		{82D0E3D8-C6B0-4FA0-9C69-9ECA813C20EB}.Release|Any CPU.Deploy.0 = Release|Any CPU
	EndGlobalSection
	GlobalSection(SolutionProperties) = preSolution
		HideSolutionNode = FALSE
	EndGlobalSection
	GlobalSection(ExtensibilityGlobals) = postSolution
		SolutionGuid = {FBCB857B-F50A-4C96-8379-3F3CA249E80B}
	EndGlobalSection
EndGlobal
