
Microsoft Visual Studio Solution File, Format Version 12.00
# Visual Studio Version 16
VisualStudioVersion = 16.0.30717.126
MinimumVisualStudioVersion = 10.0.40219.1
Project("{FAE04EC0-301F-11D3-BF4B-00C04F79EFBC}") = "ISI_Tp2", "ISI_Tp2\ISI_Tp2.csproj", "{9AEFD124-04EB-48D2-AC8E-D87EC0565F2E}"
EndProject
Global
	GlobalSection(SolutionConfigurationPlatforms) = preSolution
		Debug|Any CPU = Debug|Any CPU
		Release|Any CPU = Release|Any CPU
	EndGlobalSection
	GlobalSection(ProjectConfigurationPlatforms) = postSolution
		{9AEFD124-04EB-48D2-AC8E-D87EC0565F2E}.Debug|Any CPU.ActiveCfg = Debug|Any CPU
		{9AEFD124-04EB-48D2-AC8E-D87EC0565F2E}.Debug|Any CPU.Build.0 = Debug|Any CPU
		{9AEFD124-04EB-48D2-AC8E-D87EC0565F2E}.Release|Any CPU.ActiveCfg = Release|Any CPU
		{9AEFD124-04EB-48D2-AC8E-D87EC0565F2E}.Release|Any CPU.Build.0 = Release|Any CPU
	EndGlobalSection
	GlobalSection(SolutionProperties) = preSolution
		HideSolutionNode = FALSE
	EndGlobalSection
	GlobalSection(ExtensibilityGlobals) = postSolution
		SolutionGuid = {FBCB857B-F50A-4C96-8379-3F3CA249E80B}
	EndGlobalSection
EndGlobal
